
Microsoft Visual Studio Solution File, Format Version 12.00
# Visual Studio Version 17
VisualStudioVersion = 17.0.31912.275
MinimumVisualStudioVersion = 10.0.40219.1
Project("{2150E333-8FDC-42A3-9474-1A3956D46DE8}") = "src", "src", "{88606FC1-2F66-4543-AD2C-9AF23DD8E05F}"
EndProject
Project("{2150E333-8FDC-42A3-9474-1A3956D46DE8}") = "tests", "tests", "{E0000EDD-1FD3-474F-97C8-DA07F41078BC}"
EndProject
Project("{2150E333-8FDC-42A3-9474-1A3956D46DE8}") = "Web.Api", "Web.Api", "{ECF6733C-BE6D-42B9-AEDB-013305CE7446}"
EndProject
Project("{2150E333-8FDC-42A3-9474-1A3956D46DE8}") = "Web.Client", "Web.Client", "{2A052D47-7F0A-48E3-965D-E36C5B59BC16}"
EndProject
Project("{9A19103F-16F7-4668-BE54-9A1E7A4F7556}") = "MyMusic.API", "MyMusic.API\MyMusic.API.csproj", "{75D06A5F-8336-4F96-B73D-512DD1DBB4CA}"
EndProject
Project("{9A19103F-16F7-4668-BE54-9A1E7A4F7556}") = "MyMusic.Core", "MyMusic.Core\MyMusic.Core.csproj", "{0C40B034-4B45-4638-9927-6749D3BD6D2F}"
EndProject
Project("{9A19103F-16F7-4668-BE54-9A1E7A4F7556}") = "MyMusic.Data", "MyMusic.Data\MyMusic.Data.csproj", "{1C307841-882E-4A77-8C15-028FD1F7920B}"
EndProject
Project("{9A19103F-16F7-4668-BE54-9A1E7A4F7556}") = "MyMusic.Services", "MyMusic.Services\MyMusic.Services.csproj", "{5493A75E-139B-4061-A39D-DA7B49649AE8}"
EndProject
Project("{9A19103F-16F7-4668-BE54-9A1E7A4F7556}") = "MyMusic.Data.MongoDB", "MyMusic.Data.MongoDB\MyMusic.Data.MongoDB.csproj", "{F2BE5B29-9BCF-4D2A-9948-8A6A1F9D6669}"
EndProject
Project("{FAE04EC0-301F-11D3-BF4B-00C04F79EFBC}") = "MyMusicMVC", "MyMusicMVC\MyMusicMVC.csproj", "{9993E547-FBEE-45A1-8749-790264E77A80}"
EndProject
Global
	GlobalSection(SolutionConfigurationPlatforms) = preSolution
		Debug|Any CPU = Debug|Any CPU
		Release|Any CPU = Release|Any CPU
	EndGlobalSection
	GlobalSection(ProjectConfigurationPlatforms) = postSolution
		{75D06A5F-8336-4F96-B73D-512DD1DBB4CA}.Debug|Any CPU.ActiveCfg = Debug|Any CPU
		{75D06A5F-8336-4F96-B73D-512DD1DBB4CA}.Debug|Any CPU.Build.0 = Debug|Any CPU
		{75D06A5F-8336-4F96-B73D-512DD1DBB4CA}.Release|Any CPU.ActiveCfg = Release|Any CPU
		{75D06A5F-8336-4F96-B73D-512DD1DBB4CA}.Release|Any CPU.Build.0 = Release|Any CPU
		{0C40B034-4B45-4638-9927-6749D3BD6D2F}.Debug|Any CPU.ActiveCfg = Debug|Any CPU
		{0C40B034-4B45-4638-9927-6749D3BD6D2F}.Debug|Any CPU.Build.0 = Debug|Any CPU
		{0C40B034-4B45-4638-9927-6749D3BD6D2F}.Release|Any CPU.ActiveCfg = Release|Any CPU
		{0C40B034-4B45-4638-9927-6749D3BD6D2F}.Release|Any CPU.Build.0 = Release|Any CPU
		{1C307841-882E-4A77-8C15-028FD1F7920B}.Debug|Any CPU.ActiveCfg = Debug|Any CPU
		{1C307841-882E-4A77-8C15-028FD1F7920B}.Debug|Any CPU.Build.0 = Debug|Any CPU
		{1C307841-882E-4A77-8C15-028FD1F7920B}.Release|Any CPU.ActiveCfg = Release|Any CPU
		{1C307841-882E-4A77-8C15-028FD1F7920B}.Release|Any CPU.Build.0 = Release|Any CPU
		{5493A75E-139B-4061-A39D-DA7B49649AE8}.Debug|Any CPU.ActiveCfg = Debug|Any CPU
		{5493A75E-139B-4061-A39D-DA7B49649AE8}.Debug|Any CPU.Build.0 = Debug|Any CPU
		{5493A75E-139B-4061-A39D-DA7B49649AE8}.Release|Any CPU.ActiveCfg = Release|Any CPU
		{5493A75E-139B-4061-A39D-DA7B49649AE8}.Release|Any CPU.Build.0 = Release|Any CPU
		{F2BE5B29-9BCF-4D2A-9948-8A6A1F9D6669}.Debug|Any CPU.ActiveCfg = Debug|Any CPU
		{F2BE5B29-9BCF-4D2A-9948-8A6A1F9D6669}.Debug|Any CPU.Build.0 = Debug|Any CPU
		{F2BE5B29-9BCF-4D2A-9948-8A6A1F9D6669}.Release|Any CPU.ActiveCfg = Release|Any CPU
		{F2BE5B29-9BCF-4D2A-9948-8A6A1F9D6669}.Release|Any CPU.Build.0 = Release|Any CPU
		{9993E547-FBEE-45A1-8749-790264E77A80}.Debug|Any CPU.ActiveCfg = Debug|Any CPU
		{9993E547-FBEE-45A1-8749-790264E77A80}.Debug|Any CPU.Build.0 = Debug|Any CPU
		{9993E547-FBEE-45A1-8749-790264E77A80}.Release|Any CPU.ActiveCfg = Release|Any CPU
		{9993E547-FBEE-45A1-8749-790264E77A80}.Release|Any CPU.Build.0 = Release|Any CPU
	EndGlobalSection
	GlobalSection(SolutionProperties) = preSolution
		HideSolutionNode = FALSE
	EndGlobalSection
	GlobalSection(NestedProjects) = preSolution
		{ECF6733C-BE6D-42B9-AEDB-013305CE7446} = {88606FC1-2F66-4543-AD2C-9AF23DD8E05F}
		{2A052D47-7F0A-48E3-965D-E36C5B59BC16} = {88606FC1-2F66-4543-AD2C-9AF23DD8E05F}
		{75D06A5F-8336-4F96-B73D-512DD1DBB4CA} = {ECF6733C-BE6D-42B9-AEDB-013305CE7446}
		{0C40B034-4B45-4638-9927-6749D3BD6D2F} = {ECF6733C-BE6D-42B9-AEDB-013305CE7446}
		{1C307841-882E-4A77-8C15-028FD1F7920B} = {ECF6733C-BE6D-42B9-AEDB-013305CE7446}
		{5493A75E-139B-4061-A39D-DA7B49649AE8} = {ECF6733C-BE6D-42B9-AEDB-013305CE7446}
		{F2BE5B29-9BCF-4D2A-9948-8A6A1F9D6669} = {ECF6733C-BE6D-42B9-AEDB-013305CE7446}
		{9993E547-FBEE-45A1-8749-790264E77A80} = {2A052D47-7F0A-48E3-965D-E36C5B59BC16}
	EndGlobalSection
	GlobalSection(ExtensibilityGlobals) = postSolution
		SolutionGuid = {967E58F8-6EC8-4FDD-B7CC-5618FD7FEBF3}
	EndGlobalSection
EndGlobal
